
Microsoft Visual Studio Solution File, Format Version 12.00
# Visual Studio Version 17
VisualStudioVersion = 17.14.36221.1 d17.14
MinimumVisualStudioVersion = 10.0.40219.1
Project("{FAE04EC0-301F-11D3-BF4B-00C04F79EFBC}") = "203", "203\203.csproj", "{1FE8ACD9-19C5-4DC7-9193-AB761B2399BB}"
EndProject
Global
	GlobalSection(SolutionConfigurationPlatforms) = preSolution
		Debug|Any CPU = Debug|Any CPU
		Release|Any CPU = Release|Any CPU
	EndGlobalSection
	GlobalSection(ProjectConfigurationPlatforms) = postSolution
		{1FE8ACD9-19C5-4DC7-9193-AB761B2399BB}.Debug|Any CPU.ActiveCfg = Debug|Any CPU
		{1FE8ACD9-19C5-4DC7-9193-AB761B2399BB}.Debug|Any CPU.Build.0 = Debug|Any CPU
		{1FE8ACD9-19C5-4DC7-9193-AB761B2399BB}.Release|Any CPU.ActiveCfg = Release|Any CPU
		{1FE8ACD9-19C5-4DC7-9193-AB761B2399BB}.Release|Any CPU.Build.0 = Release|Any CPU
	EndGlobalSection
	GlobalSection(SolutionProperties) = preSolution
		HideSolutionNode = FALSE
	EndGlobalSection
	GlobalSection(ExtensibilityGlobals) = postSolution
		SolutionGuid = {2B7ACDFB-4863-4433-90AD-550E9F4A737F}
	EndGlobalSection
EndGlobal
